
Microsoft Visual Studio Solution File, Format Version 12.00
# Visual Studio Version 17
VisualStudioVersion = 17.3.32804.467
MinimumVisualStudioVersion = 10.0.40219.1
Project("{2150E333-8FDC-42A3-9474-1A3956D46DE8}") = "Common", "Common", "{261E705E-B435-4210-8D85-E60DAC21B9CC}"
EndProject
Project("{2150E333-8FDC-42A3-9474-1A3956D46DE8}") = "Core", "Core", "{3E68A575-4218-41BA-AA09-9D6FC09E4146}"
EndProject
Project("{2150E333-8FDC-42A3-9474-1A3956D46DE8}") = "Infrastructure", "Infrastructure", "{46C58B80-E519-4724-A8A1-6835BCC575BB}"
EndProject
Project("{2150E333-8FDC-42A3-9474-1A3956D46DE8}") = "Presentation", "Presentation", "{04B45BF7-3F46-43A3-A828-CD33F2D59C17}"
EndProject
Project("{9A19103F-16F7-4668-BE54-9A1E7A4F7556}") = "Application", "Application\Application.csproj", "{A0C1C8D0-43B5-44D7-A44C-2BC27734B0FF}"
EndProject
Project("{9A19103F-16F7-4668-BE54-9A1E7A4F7556}") = "Entities", "Entities\Entities.csproj", "{3444B0B8-95EC-48AB-B9A5-EB6E004092AA}"
EndProject
Project("{9A19103F-16F7-4668-BE54-9A1E7A4F7556}") = "Persistence", "Persistence\Persistence.csproj", "{190DC374-2846-4601-ADFD-5DF5D3962979}"
EndProject
Project("{9A19103F-16F7-4668-BE54-9A1E7A4F7556}") = "Resource", "Resource\Resource.csproj", "{F70AA6E5-38F2-450E-8F49-B8D4EB60C3C3}"
EndProject
Project("{9A19103F-16F7-4668-BE54-9A1E7A4F7556}") = "Api", "Api\Api.csproj", "{2E838C4F-68EB-496D-BE21-8DD991F401DB}"
EndProject
Project("{9A19103F-16F7-4668-BE54-9A1E7A4F7556}") = "File", "File\File.csproj", "{FAC85732-0931-4D3D-9613-EA718D0312C9}"
EndProject
Project("{9A19103F-16F7-4668-BE54-9A1E7A4F7556}") = "Utility", "Utility\Utility.csproj", "{D2C20934-69D6-45E0-90D4-A85CDCCBF61A}"
EndProject
Project("{9A19103F-16F7-4668-BE54-9A1E7A4F7556}") = "Payment", "Payment\Payment.csproj", "{E82C3F94-A2E6-4B9A-8110-2E22F14A77FA}"
EndProject
Project("{FAE04EC0-301F-11D3-BF4B-00C04F79EFBC}") = "RealTime", "RealTime\RealTime.csproj", "{679515E1-87A3-4BED-87C9-0E03F1CCD477}"
EndProject
Global
	GlobalSection(SolutionConfigurationPlatforms) = preSolution
		Debug|Any CPU = Debug|Any CPU
		Release|Any CPU = Release|Any CPU
	EndGlobalSection
	GlobalSection(ProjectConfigurationPlatforms) = postSolution
		{A0C1C8D0-43B5-44D7-A44C-2BC27734B0FF}.Debug|Any CPU.ActiveCfg = Debug|Any CPU
		{A0C1C8D0-43B5-44D7-A44C-2BC27734B0FF}.Debug|Any CPU.Build.0 = Debug|Any CPU
		{A0C1C8D0-43B5-44D7-A44C-2BC27734B0FF}.Release|Any CPU.ActiveCfg = Release|Any CPU
		{A0C1C8D0-43B5-44D7-A44C-2BC27734B0FF}.Release|Any CPU.Build.0 = Release|Any CPU
		{3444B0B8-95EC-48AB-B9A5-EB6E004092AA}.Debug|Any CPU.ActiveCfg = Debug|Any CPU
		{3444B0B8-95EC-48AB-B9A5-EB6E004092AA}.Debug|Any CPU.Build.0 = Debug|Any CPU
		{3444B0B8-95EC-48AB-B9A5-EB6E004092AA}.Release|Any CPU.ActiveCfg = Release|Any CPU
		{3444B0B8-95EC-48AB-B9A5-EB6E004092AA}.Release|Any CPU.Build.0 = Release|Any CPU
		{190DC374-2846-4601-ADFD-5DF5D3962979}.Debug|Any CPU.ActiveCfg = Debug|Any CPU
		{190DC374-2846-4601-ADFD-5DF5D3962979}.Debug|Any CPU.Build.0 = Debug|Any CPU
		{190DC374-2846-4601-ADFD-5DF5D3962979}.Release|Any CPU.ActiveCfg = Release|Any CPU
		{190DC374-2846-4601-ADFD-5DF5D3962979}.Release|Any CPU.Build.0 = Release|Any CPU
		{F70AA6E5-38F2-450E-8F49-B8D4EB60C3C3}.Debug|Any CPU.ActiveCfg = Debug|Any CPU
		{F70AA6E5-38F2-450E-8F49-B8D4EB60C3C3}.Debug|Any CPU.Build.0 = Debug|Any CPU
		{F70AA6E5-38F2-450E-8F49-B8D4EB60C3C3}.Release|Any CPU.ActiveCfg = Release|Any CPU
		{F70AA6E5-38F2-450E-8F49-B8D4EB60C3C3}.Release|Any CPU.Build.0 = Release|Any CPU
		{2E838C4F-68EB-496D-BE21-8DD991F401DB}.Debug|Any CPU.ActiveCfg = Debug|Any CPU
		{2E838C4F-68EB-496D-BE21-8DD991F401DB}.Debug|Any CPU.Build.0 = Debug|Any CPU
		{2E838C4F-68EB-496D-BE21-8DD991F401DB}.Release|Any CPU.ActiveCfg = Release|Any CPU
		{2E838C4F-68EB-496D-BE21-8DD991F401DB}.Release|Any CPU.Build.0 = Release|Any CPU
		{FAC85732-0931-4D3D-9613-EA718D0312C9}.Debug|Any CPU.ActiveCfg = Debug|Any CPU
		{FAC85732-0931-4D3D-9613-EA718D0312C9}.Debug|Any CPU.Build.0 = Debug|Any CPU
		{FAC85732-0931-4D3D-9613-EA718D0312C9}.Release|Any CPU.ActiveCfg = Release|Any CPU
		{FAC85732-0931-4D3D-9613-EA718D0312C9}.Release|Any CPU.Build.0 = Release|Any CPU
		{D2C20934-69D6-45E0-90D4-A85CDCCBF61A}.Debug|Any CPU.ActiveCfg = Debug|Any CPU
		{D2C20934-69D6-45E0-90D4-A85CDCCBF61A}.Debug|Any CPU.Build.0 = Debug|Any CPU
		{D2C20934-69D6-45E0-90D4-A85CDCCBF61A}.Release|Any CPU.ActiveCfg = Release|Any CPU
		{D2C20934-69D6-45E0-90D4-A85CDCCBF61A}.Release|Any CPU.Build.0 = Release|Any CPU
		{E82C3F94-A2E6-4B9A-8110-2E22F14A77FA}.Debug|Any CPU.ActiveCfg = Debug|Any CPU
		{E82C3F94-A2E6-4B9A-8110-2E22F14A77FA}.Debug|Any CPU.Build.0 = Debug|Any CPU
		{E82C3F94-A2E6-4B9A-8110-2E22F14A77FA}.Release|Any CPU.ActiveCfg = Release|Any CPU
		{E82C3F94-A2E6-4B9A-8110-2E22F14A77FA}.Release|Any CPU.Build.0 = Release|Any CPU
		{679515E1-87A3-4BED-87C9-0E03F1CCD477}.Debug|Any CPU.ActiveCfg = Debug|Any CPU
		{679515E1-87A3-4BED-87C9-0E03F1CCD477}.Debug|Any CPU.Build.0 = Debug|Any CPU
		{679515E1-87A3-4BED-87C9-0E03F1CCD477}.Release|Any CPU.ActiveCfg = Release|Any CPU
		{679515E1-87A3-4BED-87C9-0E03F1CCD477}.Release|Any CPU.Build.0 = Release|Any CPU
	EndGlobalSection
	GlobalSection(SolutionProperties) = preSolution
		HideSolutionNode = FALSE
	EndGlobalSection
	GlobalSection(NestedProjects) = preSolution
		{A0C1C8D0-43B5-44D7-A44C-2BC27734B0FF} = {3E68A575-4218-41BA-AA09-9D6FC09E4146}
		{3444B0B8-95EC-48AB-B9A5-EB6E004092AA} = {3E68A575-4218-41BA-AA09-9D6FC09E4146}
		{190DC374-2846-4601-ADFD-5DF5D3962979} = {46C58B80-E519-4724-A8A1-6835BCC575BB}
		{F70AA6E5-38F2-450E-8F49-B8D4EB60C3C3} = {261E705E-B435-4210-8D85-E60DAC21B9CC}
		{2E838C4F-68EB-496D-BE21-8DD991F401DB} = {04B45BF7-3F46-43A3-A828-CD33F2D59C17}
		{FAC85732-0931-4D3D-9613-EA718D0312C9} = {04B45BF7-3F46-43A3-A828-CD33F2D59C17}
		{D2C20934-69D6-45E0-90D4-A85CDCCBF61A} = {261E705E-B435-4210-8D85-E60DAC21B9CC}
		{E82C3F94-A2E6-4B9A-8110-2E22F14A77FA} = {04B45BF7-3F46-43A3-A828-CD33F2D59C17}
		{679515E1-87A3-4BED-87C9-0E03F1CCD477} = {04B45BF7-3F46-43A3-A828-CD33F2D59C17}
	EndGlobalSection
	GlobalSection(ExtensibilityGlobals) = postSolution
		SolutionGuid = {A5DCA6E7-3526-47B5-93E7-181643A59346}
	EndGlobalSection
EndGlobal
